{
  "version": "1",
  "sources": {
    "nixpkgs": {
      "type": "GitHub",
      "fetchType": "tarball",
      "owner": "nixos",
      "repo": "nixpkgs",
      "branch": "nixos-unstable",
      "revision": "e2587caef70cea85dd97d7daab492899902dbf5d",
      "url": "https://github.com/nixos/nixpkgs/archive/e2587caef70cea85dd97d7daab492899902dbf5d.tar.gz",
      "hash": "sha256-wWFrV5/Qbm+lyt5x20E/bSbfJiGKMo4RCxZV8cl/WZI="
    },
    "pre-commit": {
      "type": "GitHub",
      "fetchType": "tarball",
      "owner": "cachix",
      "repo": "git-hooks.nix",
      "branch": "master",
      "revision": "27555e2624241fb116b49095df4caaee85a25691",
      "url": "https://github.com/cachix/git-hooks.nix/archive/27555e2624241fb116b49095df4caaee85a25691.tar.gz",
      "hash": "sha256-nt+lUqYVpc9Y6JeMd2WmXzCDojasdadKo0mWcluvY2Y="
    }
  }
}
