{
  "version": "1",
  "sources": {
    "nixpkgs": {
      "type": "GitHub",
      "fetchType": "tarball",
      "owner": "nixos",
      "repo": "nixpkgs",
      "branch": "nixos-unstable",
      "revision": "e2587caef70cea85dd97d7daab492899902dbf5d",
      "url": "https://github.com/nixos/nixpkgs/archive/e2587caef70cea85dd97d7daab492899902dbf5d.tar.gz",
      "hash": "sha256-wWFrV5/Qbm+lyt5x20E/bSbfJiGKMo4RCxZV8cl/WZI="
    },
    "pre-commit": {
      "type": "GitHub",
      "fetchType": "tarball",
      "owner": "cachix",
      "repo": "git-hooks.nix",
      "branch": "master",
      "revision": "a0e4241b51206fbcbf52fd322eb5f0cd80f153c4",
      "url": "https://github.com/cachix/git-hooks.nix/archive/a0e4241b51206fbcbf52fd322eb5f0cd80f153c4.tar.gz",
      "hash": "sha256-XN3sDtn8TU9hAc9xqZ+SqRB/HHm2wjxM6aSWYLJU+oo="
    }
  }
}
