{
  "version": "1",
  "sources": {
    "nixpkgs": {
      "type": "GitHub",
      "fetchType": "tarball",
      "owner": "nixos",
      "repo": "nixpkgs",
      "branch": "nixos-unstable",
      "revision": "3ed67ec0a4d3c7ab4ae1f04f8ee8df07bfa506a2",
      "url": "https://github.com/nixos/nixpkgs/archive/3ed67ec0a4d3c7ab4ae1f04f8ee8df07bfa506a2.tar.gz",
      "hash": "sha256-bc7rSpXIdn9QWGNqfWcPZWOhEVF8NoeAZkWq0XWnf/k="
    },
    "pre-commit": {
      "type": "GitHub",
      "fetchType": "tarball",
      "owner": "cachix",
      "repo": "git-hooks.nix",
      "branch": "master",
      "revision": "43b3c1ab9d40fb1dbb008f451988a91e375825e9",
      "url": "https://github.com/cachix/git-hooks.nix/archive/43b3c1ab9d40fb1dbb008f451988a91e375825e9.tar.gz",
      "hash": "sha256-ReRHaLgr/uVqdD8afFSn+myXIfpHeOhP0yYe0TJqAA8="
    }
  }
}
